
Microsoft Visual Studio Solution File, Format Version 12.00
# Visual Studio Version 17
VisualStudioVersion = 17.0.31903.59
MinimumVisualStudioVersion = 10.0.40219.1
Project("{FAE04EC0-301F-11D3-BF4B-00C04F79EFBC}") = "MockTask", "MockTask\MockTask.csproj", "{F81611EE-845A-46D3-9DC9-7109507476A9}"
EndProject
Global
	GlobalSection(SolutionConfigurationPlatforms) = preSolution
		Debug|Any CPU = Debug|Any CPU
		Release|Any CPU = Release|Any CPU
	EndGlobalSection
	GlobalSection(ProjectConfigurationPlatforms) = postSolution
		{F81611EE-845A-46D3-9DC9-7109507476A9}.Debug|Any CPU.ActiveCfg = Debug|Any CPU
		{F81611EE-845A-46D3-9DC9-7109507476A9}.Debug|Any CPU.Build.0 = Debug|Any CPU
		{F81611EE-845A-46D3-9DC9-7109507476A9}.Release|Any CPU.ActiveCfg = Release|Any CPU
		{F81611EE-845A-46D3-9DC9-7109507476A9}.Release|Any CPU.Build.0 = Release|Any CPU
	EndGlobalSection
	GlobalSection(SolutionProperties) = preSolution
		HideSolutionNode = FALSE
	EndGlobalSection
	GlobalSection(ExtensibilityGlobals) = postSolution
		SolutionGuid = {6615D894-2542-4F1F-AF9F-2A1A2BE4F5B7}
	EndGlobalSection
EndGlobal
